
Microsoft Visual Studio Solution File, Format Version 12.00
# Visual Studio 15
VisualStudioVersion = 15.0.26124.0
MinimumVisualStudioVersion = 15.0.26124.0
Project("{FAE04EC0-301F-11D3-BF4B-00C04F79EFBC}") = "Domain", "Domain\Domain.csproj", "{34ED7F65-8389-4D60-8B45-249162F33A2B}"
EndProject
Project("{FAE04EC0-301F-11D3-BF4B-00C04F79EFBC}") = "Application", "Application\Application.csproj", "{B44C69A2-7A5B-4DFE-923D-5EBE442D84E9}"
EndProject
Project("{FAE04EC0-301F-11D3-BF4B-00C04F79EFBC}") = "Persistence", "Persistence\Persistence.csproj", "{5794A0BD-9D46-4C2F-BBFF-7F6F4AE4A637}"
EndProject
Project("{FAE04EC0-301F-11D3-BF4B-00C04F79EFBC}") = "API", "API\API.csproj", "{113BA6C0-220A-46E1-9853-34D530DC0D9B}"
EndProject
Global
	GlobalSection(SolutionConfigurationPlatforms) = preSolution
		Debug|Any CPU = Debug|Any CPU
		Debug|x64 = Debug|x64
		Debug|x86 = Debug|x86
		Release|Any CPU = Release|Any CPU
		Release|x64 = Release|x64
		Release|x86 = Release|x86
	EndGlobalSection
	GlobalSection(SolutionProperties) = preSolution
		HideSolutionNode = FALSE
	EndGlobalSection
	GlobalSection(ProjectConfigurationPlatforms) = postSolution
		{34ED7F65-8389-4D60-8B45-249162F33A2B}.Debug|Any CPU.ActiveCfg = Debug|Any CPU
		{34ED7F65-8389-4D60-8B45-249162F33A2B}.Debug|Any CPU.Build.0 = Debug|Any CPU
		{34ED7F65-8389-4D60-8B45-249162F33A2B}.Debug|x64.ActiveCfg = Debug|Any CPU
		{34ED7F65-8389-4D60-8B45-249162F33A2B}.Debug|x64.Build.0 = Debug|Any CPU
		{34ED7F65-8389-4D60-8B45-249162F33A2B}.Debug|x86.ActiveCfg = Debug|Any CPU
		{34ED7F65-8389-4D60-8B45-249162F33A2B}.Debug|x86.Build.0 = Debug|Any CPU
		{34ED7F65-8389-4D60-8B45-249162F33A2B}.Release|Any CPU.ActiveCfg = Release|Any CPU
		{34ED7F65-8389-4D60-8B45-249162F33A2B}.Release|Any CPU.Build.0 = Release|Any CPU
		{34ED7F65-8389-4D60-8B45-249162F33A2B}.Release|x64.ActiveCfg = Release|Any CPU
		{34ED7F65-8389-4D60-8B45-249162F33A2B}.Release|x64.Build.0 = Release|Any CPU
		{34ED7F65-8389-4D60-8B45-249162F33A2B}.Release|x86.ActiveCfg = Release|Any CPU
		{34ED7F65-8389-4D60-8B45-249162F33A2B}.Release|x86.Build.0 = Release|Any CPU
		{B44C69A2-7A5B-4DFE-923D-5EBE442D84E9}.Debug|Any CPU.ActiveCfg = Debug|Any CPU
		{B44C69A2-7A5B-4DFE-923D-5EBE442D84E9}.Debug|Any CPU.Build.0 = Debug|Any CPU
		{B44C69A2-7A5B-4DFE-923D-5EBE442D84E9}.Debug|x64.ActiveCfg = Debug|Any CPU
		{B44C69A2-7A5B-4DFE-923D-5EBE442D84E9}.Debug|x64.Build.0 = Debug|Any CPU
		{B44C69A2-7A5B-4DFE-923D-5EBE442D84E9}.Debug|x86.ActiveCfg = Debug|Any CPU
		{B44C69A2-7A5B-4DFE-923D-5EBE442D84E9}.Debug|x86.Build.0 = Debug|Any CPU
		{B44C69A2-7A5B-4DFE-923D-5EBE442D84E9}.Release|Any CPU.ActiveCfg = Release|Any CPU
		{B44C69A2-7A5B-4DFE-923D-5EBE442D84E9}.Release|Any CPU.Build.0 = Release|Any CPU
		{B44C69A2-7A5B-4DFE-923D-5EBE442D84E9}.Release|x64.ActiveCfg = Release|Any CPU
		{B44C69A2-7A5B-4DFE-923D-5EBE442D84E9}.Release|x64.Build.0 = Release|Any CPU
		{B44C69A2-7A5B-4DFE-923D-5EBE442D84E9}.Release|x86.ActiveCfg = Release|Any CPU
		{B44C69A2-7A5B-4DFE-923D-5EBE442D84E9}.Release|x86.Build.0 = Release|Any CPU
		{5794A0BD-9D46-4C2F-BBFF-7F6F4AE4A637}.Debug|Any CPU.ActiveCfg = Debug|Any CPU
		{5794A0BD-9D46-4C2F-BBFF-7F6F4AE4A637}.Debug|Any CPU.Build.0 = Debug|Any CPU
		{5794A0BD-9D46-4C2F-BBFF-7F6F4AE4A637}.Debug|x64.ActiveCfg = Debug|Any CPU
		{5794A0BD-9D46-4C2F-BBFF-7F6F4AE4A637}.Debug|x64.Build.0 = Debug|Any CPU
		{5794A0BD-9D46-4C2F-BBFF-7F6F4AE4A637}.Debug|x86.ActiveCfg = Debug|Any CPU
		{5794A0BD-9D46-4C2F-BBFF-7F6F4AE4A637}.Debug|x86.Build.0 = Debug|Any CPU
		{5794A0BD-9D46-4C2F-BBFF-7F6F4AE4A637}.Release|Any CPU.ActiveCfg = Release|Any CPU
		{5794A0BD-9D46-4C2F-BBFF-7F6F4AE4A637}.Release|Any CPU.Build.0 = Release|Any CPU
		{5794A0BD-9D46-4C2F-BBFF-7F6F4AE4A637}.Release|x64.ActiveCfg = Release|Any CPU
		{5794A0BD-9D46-4C2F-BBFF-7F6F4AE4A637}.Release|x64.Build.0 = Release|Any CPU
		{5794A0BD-9D46-4C2F-BBFF-7F6F4AE4A637}.Release|x86.ActiveCfg = Release|Any CPU
		{5794A0BD-9D46-4C2F-BBFF-7F6F4AE4A637}.Release|x86.Build.0 = Release|Any CPU
		{113BA6C0-220A-46E1-9853-34D530DC0D9B}.Debug|Any CPU.ActiveCfg = Debug|Any CPU
		{113BA6C0-220A-46E1-9853-34D530DC0D9B}.Debug|Any CPU.Build.0 = Debug|Any CPU
		{113BA6C0-220A-46E1-9853-34D530DC0D9B}.Debug|x64.ActiveCfg = Debug|Any CPU
		{113BA6C0-220A-46E1-9853-34D530DC0D9B}.Debug|x64.Build.0 = Debug|Any CPU
		{113BA6C0-220A-46E1-9853-34D530DC0D9B}.Debug|x86.ActiveCfg = Debug|Any CPU
		{113BA6C0-220A-46E1-9853-34D530DC0D9B}.Debug|x86.Build.0 = Debug|Any CPU
		{113BA6C0-220A-46E1-9853-34D530DC0D9B}.Release|Any CPU.ActiveCfg = Release|Any CPU
		{113BA6C0-220A-46E1-9853-34D530DC0D9B}.Release|Any CPU.Build.0 = Release|Any CPU
		{113BA6C0-220A-46E1-9853-34D530DC0D9B}.Release|x64.ActiveCfg = Release|Any CPU
		{113BA6C0-220A-46E1-9853-34D530DC0D9B}.Release|x64.Build.0 = Release|Any CPU
		{113BA6C0-220A-46E1-9853-34D530DC0D9B}.Release|x86.ActiveCfg = Release|Any CPU
		{113BA6C0-220A-46E1-9853-34D530DC0D9B}.Release|x86.Build.0 = Release|Any CPU
	EndGlobalSection
EndGlobal
